# This file is generated by running "yarn install" inside your project.
# Manual changes might be lost - proceed with caution!

__metadata:
  version: 6
  cacheKey: 8

"@types/lodash-es@npm:^4.17.6":
  version: 4.17.6
  resolution: "@types/lodash-es@npm:4.17.6"
  dependencies:
    "@types/lodash": "*"
  checksum: 9bd239dd525086e278821949ce12fbdd4f100a060fed9323fc7ad5661113e1641f28a7ebab617230ed3474680d8f4de705c1928b48252bb684be6ec9eed715db
  languageName: node
  linkType: hard

"@types/lodash@npm:*":
  version: 4.14.182
  resolution: "@types/lodash@npm:4.14.182"
  checksum: 7dd137aa9dbabd632408bd37009d984655164fa1ecc3f2b6eb94afe35bf0a5852cbab6183148d883e9c73a958b7fec9a9bcf7c8e45d41195add6a18c34958209
  languageName: node
  linkType: hard

"deepmerge@npm:^4.2.2":
  version: 4.2.2
  resolution: "deepmerge@npm:4.2.2"
  checksum: a8c43a1ed8d6d1ed2b5bf569fa4c8eb9f0924034baf75d5d406e47e157a451075c4db353efea7b6bcc56ec48116a8ce72fccf867b6e078e7c561904b5897530b
  languageName: node
  linkType: hard

"dom-serializer@npm:^1.0.1":
  version: 1.4.1
  resolution: "dom-serializer@npm:1.4.1"
  dependencies:
    domelementtype: ^2.0.1
    domhandler: ^4.2.0
    entities: ^2.0.0
  checksum: fbb0b01f87a8a2d18e6e5a388ad0f7ec4a5c05c06d219377da1abc7bb0f674d804f4a8a94e3f71ff15f6cb7dcfc75704a54b261db672b9b3ab03da6b758b0b22
  languageName: node
  linkType: hard

"domelementtype@npm:^2.0.1, domelementtype@npm:^2.2.0":
  version: 2.3.0
  resolution: "domelementtype@npm:2.3.0"
  checksum: ee837a318ff702622f383409d1f5b25dd1024b692ef64d3096ff702e26339f8e345820f29a68bcdcea8cfee3531776b3382651232fbeae95612d6f0a75efb4f6
  languageName: node
  linkType: hard

"domhandler@npm:^4.0.0, domhandler@npm:^4.2.0":
  version: 4.3.1
  resolution: "domhandler@npm:4.3.1"
  dependencies:
    domelementtype: ^2.2.0
  checksum: 4c665ceed016e1911bf7d1dadc09dc888090b64dee7851cccd2fcf5442747ec39c647bb1cb8c8919f8bbdd0f0c625a6bafeeed4b2d656bbecdbae893f43ffaaa
  languageName: node
  linkType: hard

"domutils@npm:^2.5.2":
  version: 2.8.0
  resolution: "domutils@npm:2.8.0"
  dependencies:
    dom-serializer: ^1.0.1
    domelementtype: ^2.2.0
    domhandler: ^4.2.0
  checksum: abf7434315283e9aadc2a24bac0e00eab07ae4313b40cc239f89d84d7315ebdfd2fb1b5bf750a96bc1b4403d7237c7b2ebf60459be394d625ead4ca89b934391
  languageName: node
  linkType: hard

"entities@npm:^2.0.0":
  version: 2.2.0
  resolution: "entities@npm:2.2.0"
  checksum: 19010dacaf0912c895ea262b4f6128574f9ccf8d4b3b65c7e8334ad0079b3706376360e28d8843ff50a78aabcb8f08f0a32dbfacdc77e47ed77ca08b713669b3
  languageName: node
  linkType: hard

"escape-string-regexp@npm:^4.0.0":
  version: 4.0.0
  resolution: "escape-string-regexp@npm:4.0.0"
  checksum: 98b48897d93060f2322108bf29db0feba7dd774be96cd069458d1453347b25ce8682ecc39859d4bca2203cc0ab19c237bcc71755eff49a0f8d90beadeeba5cc5
  languageName: node
  linkType: hard

"fs-extra@npm:^8.0.1":
  version: 8.1.0
  resolution: "fs-extra@npm:8.1.0"
  dependencies:
    graceful-fs: ^4.2.0
    jsonfile: ^4.0.0
    universalify: ^0.1.0
  checksum: bf44f0e6cea59d5ce071bba4c43ca76d216f89e402dc6285c128abc0902e9b8525135aa808adad72c9d5d218e9f4bcc63962815529ff2f684ad532172a284880
  languageName: node
  linkType: hard

"graceful-fs@npm:^4.1.6, graceful-fs@npm:^4.2.0":
  version: 4.2.10
  resolution: "graceful-fs@npm:4.2.10"
  checksum: 3f109d70ae123951905d85032ebeae3c2a5a7a997430df00ea30df0e3a6c60cf6689b109654d6fdacd28810a053348c4d14642da1d075049e6be1ba5216218da
  languageName: node
  linkType: hard

"htmlparser2@npm:^6.0.0":
  version: 6.1.0
  resolution: "htmlparser2@npm:6.1.0"
  dependencies:
    domelementtype: ^2.0.1
    domhandler: ^4.0.0
    domutils: ^2.5.2
    entities: ^2.0.0
  checksum: 81a7b3d9c3bb9acb568a02fc9b1b81ffbfa55eae7f1c41ae0bf840006d1dbf54cb3aa245b2553e2c94db674840a9f0fdad7027c9a9d01a062065314039058c4e
  languageName: node
  linkType: hard

"is-plain-object@npm:^5.0.0":
  version: 5.0.0
  resolution: "is-plain-object@npm:5.0.0"
  checksum: e32d27061eef62c0847d303125440a38660517e586f2f3db7c9d179ae5b6674ab0f469d519b2e25c147a1a3bc87156d0d5f4d8821e0ce4a9ee7fe1fcf11ce45c
  languageName: node
  linkType: hard

"jsonfile@npm:^4.0.0":
  version: 4.0.0
  resolution: "jsonfile@npm:4.0.0"
  dependencies:
    graceful-fs: ^4.1.6
  dependenciesMeta:
    graceful-fs:
      optional: true
  checksum: 6447d6224f0d31623eef9b51185af03ac328a7553efcee30fa423d98a9e276ca08db87d71e17f2310b0263fd3ffa6c2a90a6308367f661dc21580f9469897c9e
  languageName: node
  linkType: hard

"jsonfile@npm:^5.0.0":
  version: 5.0.0
  resolution: "jsonfile@npm:5.0.0"
  dependencies:
    graceful-fs: ^4.1.6
    universalify: ^0.1.2
  dependenciesMeta:
    graceful-fs:
      optional: true
  checksum: e0ecff572dba34153a66e3a3bc5c6cb01a2c1d2cf4a2c19b6728dcfcab39d94be9cca4a0fc86a17ff2c815f2aeb43768ac75545780dbea4009433fdc32aa14d1
  languageName: node
  linkType: hard

"lodash-es@npm:^4.17.21":
  version: 4.17.21
  resolution: "lodash-es@npm:4.17.21"
  checksum: 05cbffad6e2adbb331a4e16fbd826e7faee403a1a04873b82b42c0f22090f280839f85b95393f487c1303c8a3d2a010048bf06151a6cbe03eee4d388fb0a12d2
  languageName: node
  linkType: hard

"marked@npm:^4.0.16":
  version: 4.0.18
  resolution: "marked@npm:4.0.18"
  bin:
    marked: bin/marked.js
  checksum: a13e886d5059a8500a6fd552feecc16e18fc3636aa491fce372384b1fdea67e323d67ac49f7618f6977e66ca96e39f27400eb5c1273d5ee9c2301e8c33e90dce
  languageName: node
  linkType: hard

"nanoid@npm:^3.3.4":
  version: 3.3.4
  resolution: "nanoid@npm:3.3.4"
  bin:
    nanoid: bin/nanoid.cjs
  checksum: 2fddd6dee994b7676f008d3ffa4ab16035a754f4bb586c61df5a22cf8c8c94017aadd360368f47d653829e0569a92b129979152ff97af23a558331e47e37cd9c
  languageName: node
  linkType: hard

"parse-srcset@npm:^1.0.2":
  version: 1.0.2
  resolution: "parse-srcset@npm:1.0.2"
  checksum: 3a0380380c6082021fcce982f0b89fb8a493ce9dfd7d308e5e6d855201e80db8b90438649b31fdd82a3d6089a8ca17dccddaa2b730a718389af4c037b8539ebf
  languageName: node
  linkType: hard

"picocolors@npm:^1.0.0":
  version: 1.0.0
  resolution: "picocolors@npm:1.0.0"
  checksum: a2e8092dd86c8396bdba9f2b5481032848525b3dc295ce9b57896f931e63fc16f79805144321f72976383fc249584672a75cc18d6777c6b757603f372f745981
  languageName: node
  linkType: hard

"postcss@npm:^8.3.11":
  version: 8.4.14
  resolution: "postcss@npm:8.4.14"
  dependencies:
    nanoid: ^3.3.4
    picocolors: ^1.0.0
    source-map-js: ^1.0.2
  checksum: fe58766ff32e4becf65a7d57678995cfd239df6deed2fe0557f038b47c94e4132e7e5f68b5aa820c13adfec32e523b693efaeb65798efb995ce49ccd83953816
  languageName: node
  linkType: hard

"radicle-design-system@workspace:.":
  version: 0.0.0-use.local
  resolution: "radicle-design-system@workspace:."
  dependencies:
    "@types/lodash-es": ^4.17.6
    lodash-es: ^4.17.21
    marked: ^4.0.16
    sanitize-html: ^2.7.0
    svelte: ^3.48.0
    twemoji: 14.0.2
  languageName: unknown
  linkType: soft

"sanitize-html@npm:^2.7.0":
  version: 2.7.1
  resolution: "sanitize-html@npm:2.7.1"
  dependencies:
    deepmerge: ^4.2.2
    escape-string-regexp: ^4.0.0
    htmlparser2: ^6.0.0
    is-plain-object: ^5.0.0
    parse-srcset: ^1.0.2
    postcss: ^8.3.11
  checksum: 57b45ee74c828afdf670d78051623b3e8452610d23af6b24992f0519fee173e2eec38500656d0eee639053cedc651d02d135b2524bca57100f2b54c83676ee0b
  languageName: node
  linkType: hard

"source-map-js@npm:^1.0.2":
  version: 1.0.2
  resolution: "source-map-js@npm:1.0.2"
  checksum: c049a7fc4deb9a7e9b481ae3d424cc793cb4845daa690bc5a05d428bf41bf231ced49b4cf0c9e77f9d42fdb3d20d6187619fc586605f5eabe995a316da8d377c
  languageName: node
  linkType: hard

"svelte@npm:^3.48.0":
  version: 3.49.0
  resolution: "svelte@npm:3.49.0"
  checksum: 5b7cb8dbf6b6581b50fab1de63cbcb81816081a1240b03e234b299268fff2f3237bf8f92b683a848f95453353b5694dfe26fa05a55da185a4bb0cd8b80d87dd4
  languageName: node
  linkType: hard

"twemoji-parser@npm:14.0.0":
  version: 14.0.0
  resolution: "twemoji-parser@npm:14.0.0"
  checksum: 8eede69cf71f94735de7b6fddf5dfbfe3cb2e01baefc3201360984ccc97cfc659f206c8f73bd1405a2282779af3b79a8c9bed3864c672e15e2dc6f8ce4810452
  languageName: node
  linkType: hard

"twemoji@npm:14.0.2":
  version: 14.0.2
  resolution: "twemoji@npm:14.0.2"
  dependencies:
    fs-extra: ^8.0.1
    jsonfile: ^5.0.0
    twemoji-parser: 14.0.0
    universalify: ^0.1.2
  checksum: 686a356a7af3cf15f7894568bfcdfafcea0cd45473b3f8c59d6ca95e549695f1222845d1a8c39ffa3bc4057e9d59e41ab83e4ce3cbcd68823ff50d57e3ff58da
  languageName: node
  linkType: hard

"universalify@npm:^0.1.0, universalify@npm:^0.1.2":
  version: 0.1.2
  resolution: "universalify@npm:0.1.2"
  checksum: 40cdc60f6e61070fe658ca36016a8f4ec216b29bf04a55dce14e3710cc84c7448538ef4dad3728d0bfe29975ccd7bfb5f414c45e7b78883567fb31b246f02dff
  languageName: node
  linkType: hard
